# This file is automatically @generated by Cargo.
# It is not intended for manual editing.
version = 3

[[package]]
name = "r1-1"
version = "0.1.0"

[[package]]
name = "r1-2"
version = "0.1.0"

[[package]]
name = "r1-2-1"
version = "0.1.0"

[[package]]
name = "r1-2-2"
version = "0.1.0"

[[package]]
name = "r1-2-3"
version = "0.1.0"

[[package]]
name = "r10"
version = "0.1.0"

[[package]]
name = "r2-2-1"
version = "0.1.0"

[[package]]
name = "r2-2-2"
version = "0.1.0"

[[package]]
name = "r2-2-3"
version = "0.1.0"

[[package]]
name = "r3-3-1"
version = "0.1.0"

[[package]]
name = "r3-3-2"
version = "0.1.0"

[[package]]
name = "r3-3-3"
version = "0.1.0"

[[package]]
name = "r4"
version = "0.1.0"

[[package]]
name = "r5"
version = "0.1.0"

[[package]]
name = "r6"
version = "0.1.0"

[[package]]
name = "r7"
version = "0.1.0"

[[package]]
name = "r8"
version = "0.1.0"

[[package]]
name = "r9"
version = "0.1.0"
